// !$*UTF8*$!
{
	archiveVersion = 1;
	classes = {
	};
	objectVersion = 50;
	objects = {

/* Begin PBXBuildFile section */
		811B9C0526D91F53002B0CFF /* CDPhoto+CoreDataClass.swift in Sources */ = {isa = PBXBuildFile; fileRef = 811B9C0326D91F53002B0CFF /* CDPhoto+CoreDataClass.swift */; };
		811B9C0626D91F53002B0CFF /* CDPhoto+CoreDataProperties.swift in Sources */ = {isa = PBXBuildFile; fileRef = 811B9C0426D91F53002B0CFF /* CDPhoto+CoreDataProperties.swift */; };
		811B9C0826D921C8002B0CFF /* DataRepository.swift in Sources */ = {isa = PBXBuildFile; fileRef = 811B9C0726D921C8002B0CFF /* DataRepository.swift */; };
		811B9C0D26D924D0002B0CFF /* Reachability.swift in Sources */ = {isa = PBXBuildFile; fileRef = 811B9C0C26D924D0002B0CFF /* Reachability.swift */; };
		811B9C1126D929AE002B0CFF /* AppConfigurations.swift in Sources */ = {isa = PBXBuildFile; fileRef = 811B9C1026D929AE002B0CFF /* AppConfigurations.swift */; };
		811B9C1326D9A911002B0CFF /* ApiClientProtocol.swift in Sources */ = {isa = PBXBuildFile; fileRef = 811B9C1226D9A911002B0CFF /* ApiClientProtocol.swift */; };
		811B9C1526DA07A6002B0CFF /* EndPoint.swift in Sources */ = {isa = PBXBuildFile; fileRef = 811B9C1426DA07A6002B0CFF /* EndPoint.swift */; };
		811B9C1726DA0A5E002B0CFF /* ApiClient.swift in Sources */ = {isa = PBXBuildFile; fileRef = 811B9C1626DA0A5E002B0CFF /* ApiClient.swift */; };
		811B9C1D26DA1282002B0CFF /* PhotosViewController.swift in Sources */ = {isa = PBXBuildFile; fileRef = 811B9C1B26DA1282002B0CFF /* PhotosViewController.swift */; };
		811B9C1E26DA1282002B0CFF /* PhotosViewController.xib in Resources */ = {isa = PBXBuildFile; fileRef = 811B9C1C26DA1282002B0CFF /* PhotosViewController.xib */; };
		811B9C2226DA131D002B0CFF /* PhotoCollectionViewCell.swift in Sources */ = {isa = PBXBuildFile; fileRef = 811B9C2026DA131D002B0CFF /* PhotoCollectionViewCell.swift */; };
		811B9C2326DA131D002B0CFF /* PhotoCollectionViewCell.xib in Resources */ = {isa = PBXBuildFile; fileRef = 811B9C2126DA131D002B0CFF /* PhotoCollectionViewCell.xib */; };
		811B9C2926DA15ED002B0CFF /* PhotoViewModel.swift in Sources */ = {isa = PBXBuildFile; fileRef = 811B9C2826DA15ED002B0CFF /* PhotoViewModel.swift */; };
		811B9C2B26DA161D002B0CFF /* PhotoCellUIModel.swift in Sources */ = {isa = PBXBuildFile; fileRef = 811B9C2A26DA161D002B0CFF /* PhotoCellUIModel.swift */; };
		811B9C2E26DA28D6002B0CFF /* UICollectionView.swift in Sources */ = {isa = PBXBuildFile; fileRef = 811B9C2D26DA28D6002B0CFF /* UICollectionView.swift */; };
		811B9C3126DA2B42002B0CFF /* WaterfallLayout.swift in Sources */ = {isa = PBXBuildFile; fileRef = 811B9C3026DA2B42002B0CFF /* WaterfallLayout.swift */; };
		8128192C26DB8C5A003ED1AC /* PhotoModelTests.swift in Sources */ = {isa = PBXBuildFile; fileRef = 8128192B26DB8C5A003ED1AC /* PhotoModelTests.swift */; };
		8153244C26DAB5C400E159CF /* FileManager.swift in Sources */ = {isa = PBXBuildFile; fileRef = 8153244B26DAB5C400E159CF /* FileManager.swift */; };
		8153244F26DAC77700E159CF /* photo.json in Resources */ = {isa = PBXBuildFile; fileRef = 8153244E26DAC77700E159CF /* photo.json */; };
		8153245226DAC8BA00E159CF /* MockDataRepository.swift in Sources */ = {isa = PBXBuildFile; fileRef = 8153245126DAC8BA00E159CF /* MockDataRepository.swift */; };
		81F522F926D91911008A7D53 /* AppDelegate.swift in Sources */ = {isa = PBXBuildFile; fileRef = 81F522F826D91911008A7D53 /* AppDelegate.swift */; };
		81F522FB26D91911008A7D53 /* SceneDelegate.swift in Sources */ = {isa = PBXBuildFile; fileRef = 81F522FA26D91911008A7D53 /* SceneDelegate.swift */; };
		81F5230326D91911008A7D53 /* AirLiftCaseStudy.xcdatamodeld in Sources */ = {isa = PBXBuildFile; fileRef = 81F5230126D91911008A7D53 /* AirLiftCaseStudy.xcdatamodeld */; };
		81F5230526D91914008A7D53 /* Assets.xcassets in Resources */ = {isa = PBXBuildFile; fileRef = 81F5230426D91914008A7D53 /* Assets.xcassets */; };
		81F5230826D91914008A7D53 /* LaunchScreen.storyboard in Resources */ = {isa = PBXBuildFile; fileRef = 81F5230626D91914008A7D53 /* LaunchScreen.storyboard */; };
		81F5231326D91914008A7D53 /* AirLiftCaseStudyTests.swift in Sources */ = {isa = PBXBuildFile; fileRef = 81F5231226D91914008A7D53 /* AirLiftCaseStudyTests.swift */; };
		81F5233126D919D1008A7D53 /* Photo.swift in Sources */ = {isa = PBXBuildFile; fileRef = 81F5233026D919D1008A7D53 /* Photo.swift */; };
		81F5233526D91A44008A7D53 /* PersistanceStore.swift in Sources */ = {isa = PBXBuildFile; fileRef = 81F5233426D91A44008A7D53 /* PersistanceStore.swift */; };
		81F5233826D91AF1008A7D53 /* PersistentStorage.swift in Sources */ = {isa = PBXBuildFile; fileRef = 81F5233726D91AF1008A7D53 /* PersistentStorage.swift */; };
/* End PBXBuildFile section */

/* Begin PBXContainerItemProxy section */
		81F5230F26D91914008A7D53 /* PBXContainerItemProxy */ = {
			isa = PBXContainerItemProxy;
			containerPortal = 81F522ED26D91911008A7D53 /* Project object */;
			proxyType = 1;
			remoteGlobalIDString = 81F522F426D91911008A7D53;
			remoteInfo = AirLiftCaseStudy;
		};
/* End PBXContainerItemProxy section */

/* Begin PBXFileReference section */
		811B9C0326D91F53002B0CFF /* CDPhoto+CoreDataClass.swift */ = {isa = PBXFileReference; lastKnownFileType = sourcecode.swift; path = "CDPhoto+CoreDataClass.swift"; sourceTree = SOURCE_ROOT; };
		811B9C0426D91F53002B0CFF /* CDPhoto+CoreDataProperties.swift */ = {isa = PBXFileReference; lastKnownFileType = sourcecode.swift; path = "CDPhoto+CoreDataProperties.swift"; sourceTree = SOURCE_ROOT; };
		811B9C0726D921C8002B0CFF /* DataRepository.swift */ = {isa = PBXFileReference; lastKnownFileType = sourcecode.swift; path = DataRepository.swift; sourceTree = "<group>"; };
		811B9C0C26D924D0002B0CFF /* Reachability.swift */ = {isa = PBXFileReference; lastKnownFileType = sourcecode.swift; path = Reachability.swift; sourceTree = "<group>"; };
		811B9C1026D929AE002B0CFF /* AppConfigurations.swift */ = {isa = PBXFileReference; lastKnownFileType = sourcecode.swift; path = AppConfigurations.swift; sourceTree = "<group>"; };
		811B9C1226D9A911002B0CFF /* ApiClientProtocol.swift */ = {isa = PBXFileReference; lastKnownFileType = sourcecode.swift; path = ApiClientProtocol.swift; sourceTree = "<group>"; };
		811B9C1426DA07A6002B0CFF /* EndPoint.swift */ = {isa = PBXFileReference; lastKnownFileType = sourcecode.swift; path = EndPoint.swift; sourceTree = "<group>"; };
		811B9C1626DA0A5E002B0CFF /* ApiClient.swift */ = {isa = PBXFileReference; lastKnownFileType = sourcecode.swift; path = ApiClient.swift; sourceTree = "<group>"; };
		811B9C1B26DA1282002B0CFF /* PhotosViewController.swift */ = {isa = PBXFileReference; lastKnownFileType = sourcecode.swift; path = PhotosViewController.swift; sourceTree = "<group>"; };
		811B9C1C26DA1282002B0CFF /* PhotosViewController.xib */ = {isa = PBXFileReference; lastKnownFileType = file.xib; path = PhotosViewController.xib; sourceTree = "<group>"; };
		811B9C2026DA131D002B0CFF /* PhotoCollectionViewCell.swift */ = {isa = PBXFileReference; lastKnownFileType = sourcecode.swift; path = PhotoCollectionViewCell.swift; sourceTree = "<group>"; };
		811B9C2126DA131D002B0CFF /* PhotoCollectionViewCell.xib */ = {isa = PBXFileReference; lastKnownFileType = file.xib; path = PhotoCollectionViewCell.xib; sourceTree = "<group>"; };
		811B9C2826DA15ED002B0CFF /* PhotoViewModel.swift */ = {isa = PBXFileReference; lastKnownFileType = sourcecode.swift; path = PhotoViewModel.swift; sourceTree = "<group>"; };
		811B9C2A26DA161D002B0CFF /* PhotoCellUIModel.swift */ = {isa = PBXFileReference; lastKnownFileType = sourcecode.swift; path = PhotoCellUIModel.swift; sourceTree = "<group>"; };
		811B9C2D26DA28D6002B0CFF /* UICollectionView.swift */ = {isa = PBXFileReference; fileEncoding = 4; lastKnownFileType = sourcecode.swift; path = UICollectionView.swift; sourceTree = "<group>"; };
		811B9C3026DA2B42002B0CFF /* WaterfallLayout.swift */ = {isa = PBXFileReference; lastKnownFileType = sourcecode.swift; path = WaterfallLayout.swift; sourceTree = "<group>"; };
		8128192B26DB8C5A003ED1AC /* PhotoModelTests.swift */ = {isa = PBXFileReference; lastKnownFileType = sourcecode.swift; path = PhotoModelTests.swift; sourceTree = "<group>"; };
		8153244B26DAB5C400E159CF /* FileManager.swift */ = {isa = PBXFileReference; lastKnownFileType = sourcecode.swift; path = FileManager.swift; sourceTree = "<group>"; };
		8153244E26DAC77700E159CF /* photo.json */ = {isa = PBXFileReference; lastKnownFileType = text.json; path = photo.json; sourceTree = "<group>"; };
		8153245126DAC8BA00E159CF /* MockDataRepository.swift */ = {isa = PBXFileReference; lastKnownFileType = sourcecode.swift; path = MockDataRepository.swift; sourceTree = "<group>"; };
		81F522F526D91911008A7D53 /* AirLiftCaseStudy.app */ = {isa = PBXFileReference; explicitFileType = wrapper.application; includeInIndex = 0; path = AirLiftCaseStudy.app; sourceTree = BUILT_PRODUCTS_DIR; };
		81F522F826D91911008A7D53 /* AppDelegate.swift */ = {isa = PBXFileReference; lastKnownFileType = sourcecode.swift; path = AppDelegate.swift; sourceTree = "<group>"; };
		81F522FA26D91911008A7D53 /* SceneDelegate.swift */ = {isa = PBXFileReference; lastKnownFileType = sourcecode.swift; path = SceneDelegate.swift; sourceTree = "<group>"; };
		81F5230226D91911008A7D53 /* AirLiftCaseStudy.xcdatamodel */ = {isa = PBXFileReference; lastKnownFileType = wrapper.xcdatamodel; path = AirLiftCaseStudy.xcdatamodel; sourceTree = "<group>"; };
		81F5230426D91914008A7D53 /* Assets.xcassets */ = {isa = PBXFileReference; lastKnownFileType = folder.assetcatalog; path = Assets.xcassets; sourceTree = "<group>"; };
		81F5230726D91914008A7D53 /* Base */ = {isa = PBXFileReference; lastKnownFileType = file.storyboard; name = Base; path = Base.lproj/LaunchScreen.storyboard; sourceTree = "<group>"; };
		81F5230926D91914008A7D53 /* Info.plist */ = {isa = PBXFileReference; lastKnownFileType = text.plist.xml; path = Info.plist; sourceTree = "<group>"; };
		81F5230E26D91914008A7D53 /* AirLiftCaseStudyTests.xctest */ = {isa = PBXFileReference; explicitFileType = wrapper.cfbundle; includeInIndex = 0; path = AirLiftCaseStudyTests.xctest; sourceTree = BUILT_PRODUCTS_DIR; };
		81F5231226D91914008A7D53 /* AirLiftCaseStudyTests.swift */ = {isa = PBXFileReference; lastKnownFileType = sourcecode.swift; path = AirLiftCaseStudyTests.swift; sourceTree = "<group>"; };
		81F5231426D91914008A7D53 /* Info.plist */ = {isa = PBXFileReference; lastKnownFileType = text.plist.xml; path = Info.plist; sourceTree = "<group>"; };
		81F5233026D919D1008A7D53 /* Photo.swift */ = {isa = PBXFileReference; lastKnownFileType = sourcecode.swift; path = Photo.swift; sourceTree = "<group>"; };
		81F5233426D91A44008A7D53 /* PersistanceStore.swift */ = {isa = PBXFileReference; lastKnownFileType = sourcecode.swift; path = PersistanceStore.swift; sourceTree = "<group>"; };
		81F5233726D91AF1008A7D53 /* PersistentStorage.swift */ = {isa = PBXFileReference; lastKnownFileType = sourcecode.swift; path = PersistentStorage.swift; sourceTree = "<group>"; };
/* End PBXFileReference section */

/* Begin PBXFrameworksBuildPhase section */
		81F522F226D91911008A7D53 /* Frameworks */ = {
			isa = PBXFrameworksBuildPhase;
			buildActionMask = 2147483647;
			files = (
			);
			runOnlyForDeploymentPostprocessing = 0;
		};
		81F5230B26D91914008A7D53 /* Frameworks */ = {
			isa = PBXFrameworksBuildPhase;
			buildActionMask = 2147483647;
			files = (
			);
			runOnlyForDeploymentPostprocessing = 0;
		};
/* End PBXFrameworksBuildPhase section */

/* Begin PBXGroup section */
		811B9C0926D924AB002B0CFF /* Infrastructure */ = {
			isa = PBXGroup;
			children = (
				811B9C0B26D924C2002B0CFF /* Reachability */,
				811B9C0A26D924B4002B0CFF /* Network */,
			);
			path = Infrastructure;
			sourceTree = "<group>";
		};
		811B9C0A26D924B4002B0CFF /* Network */ = {
			isa = PBXGroup;
			children = (
				811B9C1226D9A911002B0CFF /* ApiClientProtocol.swift */,
				811B9C1426DA07A6002B0CFF /* EndPoint.swift */,
				811B9C1626DA0A5E002B0CFF /* ApiClient.swift */,
			);
			path = Network;
			sourceTree = "<group>";
		};
		811B9C0B26D924C2002B0CFF /* Reachability */ = {
			isa = PBXGroup;
			children = (
				811B9C0C26D924D0002B0CFF /* Reachability.swift */,
			);
			path = Reachability;
			sourceTree = "<group>";
		};
		811B9C1826DA1245002B0CFF /* Photo List */ = {
			isa = PBXGroup;
			children = (
				811B9C1926DA1266002B0CFF /* ViewModel */,
				811B9C1A26DA126E002B0CFF /* View */,
			);
			path = "Photo List";
			sourceTree = "<group>";
		};
		811B9C1926DA1266002B0CFF /* ViewModel */ = {
			isa = PBXGroup;
			children = (
				811B9C2826DA15ED002B0CFF /* PhotoViewModel.swift */,
			);
			path = ViewModel;
			sourceTree = "<group>";
		};
		811B9C1A26DA126E002B0CFF /* View */ = {
			isa = PBXGroup;
			children = (
				811B9C1F26DA1302002B0CFF /* Cell */,
				811B9C1B26DA1282002B0CFF /* PhotosViewController.swift */,
				811B9C1C26DA1282002B0CFF /* PhotosViewController.xib */,
			);
			path = View;
			sourceTree = "<group>";
		};
		811B9C1F26DA1302002B0CFF /* Cell */ = {
			isa = PBXGroup;
			children = (
				811B9C2A26DA161D002B0CFF /* PhotoCellUIModel.swift */,
				811B9C2026DA131D002B0CFF /* PhotoCollectionViewCell.swift */,
				811B9C2126DA131D002B0CFF /* PhotoCollectionViewCell.xib */,
			);
			path = Cell;
			sourceTree = "<group>";
		};
		811B9C2C26DA28B2002B0CFF /* Extension */ = {
			isa = PBXGroup;
			children = (
				811B9C2D26DA28D6002B0CFF /* UICollectionView.swift */,
				8153244B26DAB5C400E159CF /* FileManager.swift */,
			);
			path = Extension;
			sourceTree = "<group>";
		};
		811B9C2F26DA2B29002B0CFF /* CustomLayout */ = {
			isa = PBXGroup;
			children = (
				811B9C3026DA2B42002B0CFF /* WaterfallLayout.swift */,
			);
			path = CustomLayout;
			sourceTree = "<group>";
		};
		8128192226DB8B11003ED1AC /* Data */ = {
			isa = PBXGroup;
			children = (
				8153245026DAC89F00E159CF /* Mocks */,
			);
			path = Data;
			sourceTree = "<group>";
		};
		8128192326DB8B1F003ED1AC /* Presentation */ = {
			isa = PBXGroup;
			children = (
				8128192426DB8B28003ED1AC /* ViewModel */,
			);
			path = Presentation;
			sourceTree = "<group>";
		};
		8128192426DB8B28003ED1AC /* ViewModel */ = {
			isa = PBXGroup;
			children = (
				81F5231226D91914008A7D53 /* AirLiftCaseStudyTests.swift */,
			);
			path = ViewModel;
			sourceTree = "<group>";
		};
		8128192526DB8BFD003ED1AC /* Entity */ = {
			isa = PBXGroup;
			children = (
				8128192B26DB8C5A003ED1AC /* PhotoModelTests.swift */,
			);
			path = Entity;
			sourceTree = "<group>";
		};
		8128192826DB8C1D003ED1AC /* Domain */ = {
			isa = PBXGroup;
			children = (
				8128192526DB8BFD003ED1AC /* Entity */,
			);
			path = Domain;
			sourceTree = "<group>";
		};
		8153244D26DAC75100E159CF /* Resources */ = {
			isa = PBXGroup;
			children = (
				81F5230426D91914008A7D53 /* Assets.xcassets */,
				81F5230626D91914008A7D53 /* LaunchScreen.storyboard */,
				8153244E26DAC77700E159CF /* photo.json */,
			);
			path = Resources;
			sourceTree = "<group>";
		};
		8153245026DAC89F00E159CF /* Mocks */ = {
			isa = PBXGroup;
			children = (
				8153245126DAC8BA00E159CF /* MockDataRepository.swift */,
			);
			path = Mocks;
			sourceTree = "<group>";
		};
		81F522EC26D91911008A7D53 = {
			isa = PBXGroup;
			children = (
				81F522F726D91911008A7D53 /* AirLiftCaseStudy */,
				81F5231126D91914008A7D53 /* AirLiftCaseStudyTests */,
				81F522F626D91911008A7D53 /* Products */,
			);
			sourceTree = "<group>";
		};
		81F522F626D91911008A7D53 /* Products */ = {
			isa = PBXGroup;
			children = (
				81F522F526D91911008A7D53 /* AirLiftCaseStudy.app */,
				81F5230E26D91914008A7D53 /* AirLiftCaseStudyTests.xctest */,
			);
			name = Products;
			sourceTree = "<group>";
		};
		81F522F726D91911008A7D53 /* AirLiftCaseStudy */ = {
			isa = PBXGroup;
			children = (
				81F5232B26D91963008A7D53 /* Application */,
				81F5232D26D91974008A7D53 /* Domain */,
				81F5232C26D9196B008A7D53 /* Presentation */,
				81F5232E26D9197C008A7D53 /* Data */,
				811B9C0926D924AB002B0CFF /* Infrastructure */,
				811B9C2C26DA28B2002B0CFF /* Extension */,
				8153244D26DAC75100E159CF /* Resources */,
				81F5230926D91914008A7D53 /* Info.plist */,
			);
			path = AirLiftCaseStudy;
			sourceTree = "<group>";
		};
		81F5231126D91914008A7D53 /* AirLiftCaseStudyTests */ = {
			isa = PBXGroup;
			children = (
				8128192826DB8C1D003ED1AC /* Domain */,
				8128192326DB8B1F003ED1AC /* Presentation */,
				8128192226DB8B11003ED1AC /* Data */,
				81F5231426D91914008A7D53 /* Info.plist */,
			);
			path = AirLiftCaseStudyTests;
			sourceTree = "<group>";
		};
		81F5232B26D91963008A7D53 /* Application */ = {
			isa = PBXGroup;
			children = (
				81F522F826D91911008A7D53 /* AppDelegate.swift */,
				81F522FA26D91911008A7D53 /* SceneDelegate.swift */,
				811B9C1026D929AE002B0CFF /* AppConfigurations.swift */,
			);
			path = Application;
			sourceTree = "<group>";
		};
		81F5232C26D9196B008A7D53 /* Presentation */ = {
			isa = PBXGroup;
			children = (
				811B9C2F26DA2B29002B0CFF /* CustomLayout */,
				811B9C1826DA1245002B0CFF /* Photo List */,
			);
			path = Presentation;
			sourceTree = "<group>";
		};
		81F5232D26D91974008A7D53 /* Domain */ = {
			isa = PBXGroup;
			children = (
				81F5232F26D919B7008A7D53 /* Entity */,
			);
			path = Domain;
			sourceTree = "<group>";
		};
		81F5232E26D9197C008A7D53 /* Data */ = {
			isa = PBXGroup;
			children = (
				81F5233326D91A25008A7D53 /* Persistance */,
				81F5233226D91A1B008A7D53 /* Repository */,
			);
			path = Data;
			sourceTree = "<group>";
		};
		81F5232F26D919B7008A7D53 /* Entity */ = {
			isa = PBXGroup;
			children = (
				81F5233026D919D1008A7D53 /* Photo.swift */,
			);
			path = Entity;
			sourceTree = "<group>";
		};
		81F5233226D91A1B008A7D53 /* Repository */ = {
			isa = PBXGroup;
			children = (
				811B9C0726D921C8002B0CFF /* DataRepository.swift */,
			);
			path = Repository;
			sourceTree = "<group>";
		};
		81F5233326D91A25008A7D53 /* Persistance */ = {
			isa = PBXGroup;
			children = (
				81F5233626D91ACC008A7D53 /* CoreDataFiles */,
				81F5233426D91A44008A7D53 /* PersistanceStore.swift */,
			);
			path = Persistance;
			sourceTree = "<group>";
		};
		81F5233626D91ACC008A7D53 /* CoreDataFiles */ = {
			isa = PBXGroup;
			children = (
				81F5233726D91AF1008A7D53 /* PersistentStorage.swift */,
				811B9C0326D91F53002B0CFF /* CDPhoto+CoreDataClass.swift */,
				811B9C0426D91F53002B0CFF /* CDPhoto+CoreDataProperties.swift */,
				81F5230126D91911008A7D53 /* AirLiftCaseStudy.xcdatamodeld */,
			);
			path = CoreDataFiles;
			sourceTree = "<group>";
		};
/* End PBXGroup section */

/* Begin PBXNativeTarget section */
		81F522F426D91911008A7D53 /* AirLiftCaseStudy */ = {
			isa = PBXNativeTarget;
			buildConfigurationList = 81F5232226D91914008A7D53 /* Build configuration list for PBXNativeTarget "AirLiftCaseStudy" */;
			buildPhases = (
				81F522F126D91911008A7D53 /* Sources */,
				81F522F226D91911008A7D53 /* Frameworks */,
				81F522F326D91911008A7D53 /* Resources */,
			);
			buildRules = (
			);
			dependencies = (
			);
			name = AirLiftCaseStudy;
			productName = AirLiftCaseStudy;
			productReference = 81F522F526D91911008A7D53 /* AirLiftCaseStudy.app */;
			productType = "com.apple.product-type.application";
		};
		81F5230D26D91914008A7D53 /* AirLiftCaseStudyTests */ = {
			isa = PBXNativeTarget;
			buildConfigurationList = 81F5232526D91914008A7D53 /* Build configuration list for PBXNativeTarget "AirLiftCaseStudyTests" */;
			buildPhases = (
				81F5230A26D91914008A7D53 /* Sources */,
				81F5230B26D91914008A7D53 /* Frameworks */,
				81F5230C26D91914008A7D53 /* Resources */,
			);
			buildRules = (
			);
			dependencies = (
				81F5231026D91914008A7D53 /* PBXTargetDependency */,
			);
			name = AirLiftCaseStudyTests;
			productName = AirLiftCaseStudyTests;
			productReference = 81F5230E26D91914008A7D53 /* AirLiftCaseStudyTests.xctest */;
			productType = "com.apple.product-type.bundle.unit-test";
		};
/* End PBXNativeTarget section */

/* Begin PBXProject section */
		81F522ED26D91911008A7D53 /* Project object */ = {
			isa = PBXProject;
			attributes = {
				LastSwiftUpdateCheck = 1250;
				LastUpgradeCheck = 1250;
				TargetAttributes = {
					81F522F426D91911008A7D53 = {
						CreatedOnToolsVersion = 12.5.1;
					};
					81F5230D26D91914008A7D53 = {
						CreatedOnToolsVersion = 12.5.1;
						TestTargetID = 81F522F426D91911008A7D53;
					};
				};
			};
			buildConfigurationList = 81F522F026D91911008A7D53 /* Build configuration list for PBXProject "AirLiftCaseStudy" */;
			compatibilityVersion = "Xcode 9.3";
			developmentRegion = en;
			hasScannedForEncodings = 0;
			knownRegions = (
				en,
				Base,
			);
			mainGroup = 81F522EC26D91911008A7D53;
			productRefGroup = 81F522F626D91911008A7D53 /* Products */;
			projectDirPath = "";
			projectRoot = "";
			targets = (
				81F522F426D91911008A7D53 /* AirLiftCaseStudy */,
				81F5230D26D91914008A7D53 /* AirLiftCaseStudyTests */,
			);
		};
/* End PBXProject section */

/* Begin PBXResourcesBuildPhase section */
		81F522F326D91911008A7D53 /* Resources */ = {
			isa = PBXResourcesBuildPhase;
			buildActionMask = 2147483647;
			files = (
				8153244F26DAC77700E159CF /* photo.json in Resources */,
				811B9C1E26DA1282002B0CFF /* PhotosViewController.xib in Resources */,
				811B9C2326DA131D002B0CFF /* PhotoCollectionViewCell.xib in Resources */,
				81F5230826D91914008A7D53 /* LaunchScreen.storyboard in Resources */,
				81F5230526D91914008A7D53 /* Assets.xcassets in Resources */,
			);
			runOnlyForDeploymentPostprocessing = 0;
		};
		81F5230C26D91914008A7D53 /* Resources */ = {
			isa = PBXResourcesBuildPhase;
			buildActionMask = 2147483647;
			files = (
			);
			runOnlyForDeploymentPostprocessing = 0;
		};
/* End PBXResourcesBuildPhase section */

/* Begin PBXSourcesBuildPhase section */
		81F522F126D91911008A7D53 /* Sources */ = {
			isa = PBXSourcesBuildPhase;
			buildActionMask = 2147483647;
			files = (
				811B9C1526DA07A6002B0CFF /* EndPoint.swift in Sources */,
				811B9C0526D91F53002B0CFF /* CDPhoto+CoreDataClass.swift in Sources */,
				811B9C1326D9A911002B0CFF /* ApiClientProtocol.swift in Sources */,
				8153244C26DAB5C400E159CF /* FileManager.swift in Sources */,
				81F5233826D91AF1008A7D53 /* PersistentStorage.swift in Sources */,
				81F5233126D919D1008A7D53 /* Photo.swift in Sources */,
				811B9C2B26DA161D002B0CFF /* PhotoCellUIModel.swift in Sources */,
				81F5233526D91A44008A7D53 /* PersistanceStore.swift in Sources */,
				81F5230326D91911008A7D53 /* AirLiftCaseStudy.xcdatamodeld in Sources */,
				811B9C3126DA2B42002B0CFF /* WaterfallLayout.swift in Sources */,
				811B9C1726DA0A5E002B0CFF /* ApiClient.swift in Sources */,
				81F522F926D91911008A7D53 /* AppDelegate.swift in Sources */,
				811B9C2226DA131D002B0CFF /* PhotoCollectionViewCell.swift in Sources */,
				811B9C1D26DA1282002B0CFF /* PhotosViewController.swift in Sources */,
				811B9C0826D921C8002B0CFF /* DataRepository.swift in Sources */,
				811B9C0626D91F53002B0CFF /* CDPhoto+CoreDataProperties.swift in Sources */,
				811B9C2926DA15ED002B0CFF /* PhotoViewModel.swift in Sources */,
				811B9C0D26D924D0002B0CFF /* Reachability.swift in Sources */,
				811B9C1126D929AE002B0CFF /* AppConfigurations.swift in Sources */,
				81F522FB26D91911008A7D53 /* SceneDelegate.swift in Sources */,
				811B9C2E26DA28D6002B0CFF /* UICollectionView.swift in Sources */,
			);
			runOnlyForDeploymentPostprocessing = 0;
		};
		81F5230A26D91914008A7D53 /* Sources */ = {
			isa = PBXSourcesBuildPhase;
			buildActionMask = 2147483647;
			files = (
				81F5231326D91914008A7D53 /* AirLiftCaseStudyTests.swift in Sources */,
				8128192C26DB8C5A003ED1AC /* PhotoModelTests.swift in Sources */,
				8153245226DAC8BA00E159CF /* MockDataRepository.swift in Sources */,
			);
			runOnlyForDeploymentPostprocessing = 0;
		};
/* End PBXSourcesBuildPhase section */

/* Begin PBXTargetDependency section */
		81F5231026D91914008A7D53 /* PBXTargetDependency */ = {
			isa = PBXTargetDependency;
			target = 81F522F426D91911008A7D53 /* AirLiftCaseStudy */;
			targetProxy = 81F5230F26D91914008A7D53 /* PBXContainerItemProxy */;
		};
/* End PBXTargetDependency section */

/* Begin PBXVariantGroup section */
		81F5230626D91914008A7D53 /* LaunchScreen.storyboard */ = {
			isa = PBXVariantGroup;
			children = (
				81F5230726D91914008A7D53 /* Base */,
			);
			name = LaunchScreen.storyboard;
			sourceTree = "<group>";
		};
/* End PBXVariantGroup section */

/* Begin XCBuildConfiguration section */
		81F5232026D91914008A7D53 /* Debug */ = {
			isa = XCBuildConfiguration;
			buildSettings = {
				ALWAYS_SEARCH_USER_PATHS = NO;
				CLANG_ANALYZER_NONNULL = YES;
				CLANG_ANALYZER_NUMBER_OBJECT_CONVERSION = YES_AGGRESSIVE;
				CLANG_CXX_LANGUAGE_STANDARD = "gnu++14";
				CLANG_CXX_LIBRARY = "libc++";
				CLANG_ENABLE_MODULES = YES;
				CLANG_ENABLE_OBJC_ARC = YES;
				CLANG_ENABLE_OBJC_WEAK = YES;
				CLANG_WARN_BLOCK_CAPTURE_AUTORELEASING = YES;
				CLANG_WARN_BOOL_CONVERSION = YES;
				CLANG_WARN_COMMA = YES;
				CLANG_WARN_CONSTANT_CONVERSION = YES;
				CLANG_WARN_DEPRECATED_OBJC_IMPLEMENTATIONS = YES;
				CLANG_WARN_DIRECT_OBJC_ISA_USAGE = YES_ERROR;
				CLANG_WARN_DOCUMENTATION_COMMENTS = YES;
				CLANG_WARN_EMPTY_BODY = YES;
				CLANG_WARN_ENUM_CONVERSION = YES;
				CLANG_WARN_INFINITE_RECURSION = YES;
				CLANG_WARN_INT_CONVERSION = YES;
				CLANG_WARN_NON_LITERAL_NULL_CONVERSION = YES;
				CLANG_WARN_OBJC_IMPLICIT_RETAIN_SELF = YES;
				CLANG_WARN_OBJC_LITERAL_CONVERSION = YES;
				CLANG_WARN_OBJC_ROOT_CLASS = YES_ERROR;
				CLANG_WARN_QUOTED_INCLUDE_IN_FRAMEWORK_HEADER = YES;
				CLANG_WARN_RANGE_LOOP_ANALYSIS = YES;
				CLANG_WARN_STRICT_PROTOTYPES = YES;
				CLANG_WARN_SUSPICIOUS_MOVE = YES;
				CLANG_WARN_UNGUARDED_AVAILABILITY = YES_AGGRESSIVE;
				CLANG_WARN_UNREACHABLE_CODE = YES;
				CLANG_WARN__DUPLICATE_METHOD_MATCH = YES;
				COPY_PHASE_STRIP = NO;
				DEBUG_INFORMATION_FORMAT = dwarf;
				ENABLE_STRICT_OBJC_MSGSEND = YES;
				ENABLE_TESTABILITY = YES;
				GCC_C_LANGUAGE_STANDARD = gnu11;
				GCC_DYNAMIC_NO_PIC = NO;
				GCC_NO_COMMON_BLOCKS = YES;
				GCC_OPTIMIZATION_LEVEL = 0;
				GCC_PREPROCESSOR_DEFINITIONS = (
					"DEBUG=1",
					"$(inherited)",
				);
				GCC_WARN_64_TO_32_BIT_CONVERSION = YES;
				GCC_WARN_ABOUT_RETURN_TYPE = YES_ERROR;
				GCC_WARN_UNDECLARED_SELECTOR = YES;
				GCC_WARN_UNINITIALIZED_AUTOS = YES_AGGRESSIVE;
				GCC_WARN_UNUSED_FUNCTION = YES;
				GCC_WARN_UNUSED_VARIABLE = YES;
				IPHONEOS_DEPLOYMENT_TARGET = 14.5;
				MTL_ENABLE_DEBUG_INFO = INCLUDE_SOURCE;
				MTL_FAST_MATH = YES;
				ONLY_ACTIVE_ARCH = YES;
				SDKROOT = iphoneos;
				SWIFT_ACTIVE_COMPILATION_CONDITIONS = DEBUG;
				SWIFT_OPTIMIZATION_LEVEL = "-Onone";
			};
			name = Debug;
		};
		81F5232126D91914008A7D53 /* Release */ = {
			isa = XCBuildConfiguration;
			buildSettings = {
				ALWAYS_SEARCH_USER_PATHS = NO;
				CLANG_ANALYZER_NONNULL = YES;
				CLANG_ANALYZER_NUMBER_OBJECT_CONVERSION = YES_AGGRESSIVE;
				CLANG_CXX_LANGUAGE_STANDARD = "gnu++14";
				CLANG_CXX_LIBRARY = "libc++";
				CLANG_ENABLE_MODULES = YES;
				CLANG_ENABLE_OBJC_ARC = YES;
				CLANG_ENABLE_OBJC_WEAK = YES;
				CLANG_WARN_BLOCK_CAPTURE_AUTORELEASING = YES;
				CLANG_WARN_BOOL_CONVERSION = YES;
				CLANG_WARN_COMMA = YES;
				CLANG_WARN_CONSTANT_CONVERSION = YES;
				CLANG_WARN_DEPRECATED_OBJC_IMPLEMENTATIONS = YES;
				CLANG_WARN_DIRECT_OBJC_ISA_USAGE = YES_ERROR;
				CLANG_WARN_DOCUMENTATION_COMMENTS = YES;
				CLANG_WARN_EMPTY_BODY = YES;
				CLANG_WARN_ENUM_CONVERSION = YES;
				CLANG_WARN_INFINITE_RECURSION = YES;
				CLANG_WARN_INT_CONVERSION = YES;
				CLANG_WARN_NON_LITERAL_NULL_CONVERSION = YES;
				CLANG_WARN_OBJC_IMPLICIT_RETAIN_SELF = YES;
				CLANG_WARN_OBJC_LITERAL_CONVERSION = YES;
				CLANG_WARN_OBJC_ROOT_CLASS = YES_ERROR;
				CLANG_WARN_QUOTED_INCLUDE_IN_FRAMEWORK_HEADER = YES;
				CLANG_WARN_RANGE_LOOP_ANALYSIS = YES;
				CLANG_WARN_STRICT_PROTOTYPES = YES;
				CLANG_WARN_SUSPICIOUS_MOVE = YES;
				CLANG_WARN_UNGUARDED_AVAILABILITY = YES_AGGRESSIVE;
				CLANG_WARN_UNREACHABLE_CODE = YES;
				CLANG_WARN__DUPLICATE_METHOD_MATCH = YES;
				COPY_PHASE_STRIP = NO;
				DEBUG_INFORMATION_FORMAT = "dwarf-with-dsym";
				ENABLE_NS_ASSERTIONS = NO;
				ENABLE_STRICT_OBJC_MSGSEND = YES;
				GCC_C_LANGUAGE_STANDARD = gnu11;
				GCC_NO_COMMON_BLOCKS = YES;
				GCC_WARN_64_TO_32_BIT_CONVERSION = YES;
				GCC_WARN_ABOUT_RETURN_TYPE = YES_ERROR;
				GCC_WARN_UNDECLARED_SELECTOR = YES;
				GCC_WARN_UNINITIALIZED_AUTOS = YES_AGGRESSIVE;
				GCC_WARN_UNUSED_FUNCTION = YES;
				GCC_WARN_UNUSED_VARIABLE = YES;
				IPHONEOS_DEPLOYMENT_TARGET = 14.5;
				MTL_ENABLE_DEBUG_INFO = NO;
				MTL_FAST_MATH = YES;
				SDKROOT = iphoneos;
				SWIFT_COMPILATION_MODE = wholemodule;
				SWIFT_OPTIMIZATION_LEVEL = "-O";
				VALIDATE_PRODUCT = YES;
			};
			name = Release;
		};
		81F5232326D91914008A7D53 /* Debug */ = {
			isa = XCBuildConfiguration;
			buildSettings = {
				API_ACCESS_KEY = "NIMcszBOjWWE5vJkgKw6uHi5-7ENZBDrR86jYsWaKug";
				API_BASE_URL = "https://api.unsplash.com";
				API_SECRET_KEY = 8BJfHa5VGsPih4mRLJ1htriPsSb8W95cYUh6BKQzAMw;
				ASSETCATALOG_COMPILER_APPICON_NAME = AppIcon;
				ASSETCATALOG_COMPILER_GLOBAL_ACCENT_COLOR_NAME = AccentColor;
				CODE_SIGN_STYLE = Automatic;
				INFOPLIST_FILE = AirLiftCaseStudy/Info.plist;
				LD_RUNPATH_SEARCH_PATHS = (
					"$(inherited)",
					"@executable_path/Frameworks",
				);
				PRODUCT_BUNDLE_IDENTIFIER = com.inc.airLift.AirLiftCaseStudy;
				PRODUCT_NAME = "$(TARGET_NAME)";
				SWIFT_VERSION = 5.0;
				TARGETED_DEVICE_FAMILY = 1;
			};
			name = Debug;
		};
		81F5232426D91914008A7D53 /* Release */ = {
			isa = XCBuildConfiguration;
			buildSettings = {
				API_ACCESS_KEY = "NIMcszBOjWWE5vJkgKw6uHi5-7ENZBDrR86jYsWaKug";
				API_BASE_URL = "https://api.unsplash.com";
				API_SECRET_KEY = 8BJfHa5VGsPih4mRLJ1htriPsSb8W95cYUh6BKQzAMw;
				ASSETCATALOG_COMPILER_APPICON_NAME = AppIcon;
				ASSETCATALOG_COMPILER_GLOBAL_ACCENT_COLOR_NAME = AccentColor;
				CODE_SIGN_STYLE = Automatic;
				INFOPLIST_FILE = AirLiftCaseStudy/Info.plist;
				LD_RUNPATH_SEARCH_PATHS = (
					"$(inherited)",
					"@executable_path/Frameworks",
				);
				PRODUCT_BUNDLE_IDENTIFIER = com.inc.airLift.AirLiftCaseStudy;
				PRODUCT_NAME = "$(TARGET_NAME)";
				SWIFT_VERSION = 5.0;
				TARGETED_DEVICE_FAMILY = 1;
			};
			name = Release;
		};
		81F5232626D91914008A7D53 /* Debug */ = {
			isa = XCBuildConfiguration;
			buildSettings = {
				ALWAYS_EMBED_SWIFT_STANDARD_LIBRARIES = YES;
				BUNDLE_LOADER = "$(TEST_HOST)";
				CODE_SIGN_STYLE = Automatic;
				INFOPLIST_FILE = AirLiftCaseStudyTests/Info.plist;
				IPHONEOS_DEPLOYMENT_TARGET = 14.5;
				LD_RUNPATH_SEARCH_PATHS = (
					"$(inherited)",
					"@executable_path/Frameworks",
					"@loader_path/Frameworks",
				);
				PRODUCT_BUNDLE_IDENTIFIER = com.inc.airLift.AirLiftCaseStudyTests;
				PRODUCT_NAME = "$(TARGET_NAME)";
				SWIFT_VERSION = 5.0;
				TARGETED_DEVICE_FAMILY = "1,2";
				TEST_HOST = "$(BUILT_PRODUCTS_DIR)/AirLiftCaseStudy.app/AirLiftCaseStudy";
			};
			name = Debug;
		};
		81F5232726D91914008A7D53 /* Release */ = {
			isa = XCBuildConfiguration;
			buildSettings = {
				ALWAYS_EMBED_SWIFT_STANDARD_LIBRARIES = YES;
				BUNDLE_LOADER = "$(TEST_HOST)";
				CODE_SIGN_STYLE = Automatic;
				INFOPLIST_FILE = AirLiftCaseStudyTests/Info.plist;
				IPHONEOS_DEPLOYMENT_TARGET = 14.5;
				LD_RUNPATH_SEARCH_PATHS = (
					"$(inherited)",
					"@executable_path/Frameworks",
					"@loader_path/Frameworks",
				);
				PRODUCT_BUNDLE_IDENTIFIER = com.inc.airLift.AirLiftCaseStudyTests;
				PRODUCT_NAME = "$(TARGET_NAME)";
				SWIFT_VERSION = 5.0;
				TARGETED_DEVICE_FAMILY = "1,2";
				TEST_HOST = "$(BUILT_PRODUCTS_DIR)/AirLiftCaseStudy.app/AirLiftCaseStudy";
			};
			name = Release;
		};
/* End XCBuildConfiguration section */

/* Begin XCConfigurationList section */
		81F522F026D91911008A7D53 /* Build configuration list for PBXProject "AirLiftCaseStudy" */ = {
			isa = XCConfigurationList;
			buildConfigurations = (
				81F5232026D91914008A7D53 /* Debug */,
				81F5232126D91914008A7D53 /* Release */,
			);
			defaultConfigurationIsVisible = 0;
			defaultConfigurationName = Release;
		};
		81F5232226D91914008A7D53 /* Build configuration list for PBXNativeTarget "AirLiftCaseStudy" */ = {
			isa = XCConfigurationList;
			buildConfigurations = (
				81F5232326D91914008A7D53 /* Debug */,
				81F5232426D91914008A7D53 /* Release */,
			);
			defaultConfigurationIsVisible = 0;
			defaultConfigurationName = Release;
		};
		81F5232526D91914008A7D53 /* Build configuration list for PBXNativeTarget "AirLiftCaseStudyTests" */ = {
			isa = XCConfigurationList;
			buildConfigurations = (
				81F5232626D91914008A7D53 /* Debug */,
				81F5232726D91914008A7D53 /* Release */,
			);
			defaultConfigurationIsVisible = 0;
			defaultConfigurationName = Release;
		};
/* End XCConfigurationList section */

/* Begin XCVersionGroup section */
		81F5230126D91911008A7D53 /* AirLiftCaseStudy.xcdatamodeld */ = {
			isa = XCVersionGroup;
			children = (
				81F5230226D91911008A7D53 /* AirLiftCaseStudy.xcdatamodel */,
			);
			currentVersion = 81F5230226D91911008A7D53 /* AirLiftCaseStudy.xcdatamodel */;
			path = AirLiftCaseStudy.xcdatamodeld;
			sourceTree = "<group>";
			versionGroupType = wrapper.xcdatamodel;
		};
/* End XCVersionGroup section */
	};
	rootObject = 81F522ED26D91911008A7D53 /* Project object */;
}
